// !$*UTF8*$!
{
	archiveVersion = 1;
	classes = {
	};
	objectVersion = 46;
	objects = {

/* Begin PBXBuildFile section */
		3430FCCB1BBAFAC9002116BB /* main.m in Sources */ = {isa = PBXBuildFile; fileRef = 3430FCCA1BBAFAC9002116BB /* main.m */; };
		3430FCCE1BBAFAC9002116BB /* AppDelegate.m in Sources */ = {isa = PBXBuildFile; fileRef = 3430FCCD1BBAFAC9002116BB /* AppDelegate.m */; };
		3430FCD11BBAFAC9002116BB /* ViewController.m in Sources */ = {isa = PBXBuildFile; fileRef = 3430FCD01BBAFAC9002116BB /* ViewController.m */; };
		3430FCD41BBAFAC9002116BB /* Main.storyboard in Resources */ = {isa = PBXBuildFile; fileRef = 3430FCD21BBAFAC9002116BB /* Main.storyboard */; };
		3430FCD61BBAFAC9002116BB /* Images.xcassets in Resources */ = {isa = PBXBuildFile; fileRef = 3430FCD51BBAFAC9002116BB /* Images.xcassets */; };
		3430FCD91BBAFAC9002116BB /* LaunchScreen.xib in Resources */ = {isa = PBXBuildFile; fileRef = 3430FCD71BBAFAC9002116BB /* LaunchScreen.xib */; };
		3430FCE51BBAFAC9002116BB /* CalculatorTests.m in Sources */ = {isa = PBXBuildFile; fileRef = 3430FCE41BBAFAC9002116BB /* CalculatorTests.m */; };
		3463AFB21BBB01F000C78F0D /* test_calc-10.png in Resources */ = {isa = PBXBuildFile; fileRef = 3463AF761BBB01F000C78F0D /* test_calc-10.png */; };
		3463AFB31BBB01F000C78F0D /* test_calc-11.png in Resources */ = {isa = PBXBuildFile; fileRef = 3463AF771BBB01F000C78F0D /* test_calc-11.png */; };
		3463AFB41BBB01F000C78F0D /* test_calc-12.png in Resources */ = {isa = PBXBuildFile; fileRef = 3463AF781BBB01F000C78F0D /* test_calc-12.png */; };
		3463AFB51BBB01F000C78F0D /* test_calc-13.png in Resources */ = {isa = PBXBuildFile; fileRef = 3463AF791BBB01F000C78F0D /* test_calc-13.png */; };
		3463AFB61BBB01F000C78F0D /* test_calc-14.png in Resources */ = {isa = PBXBuildFile; fileRef = 3463AF7A1BBB01F000C78F0D /* test_calc-14.png */; };
		3463AFB71BBB01F000C78F0D /* test_calc-15.png in Resources */ = {isa = PBXBuildFile; fileRef = 3463AF7B1BBB01F000C78F0D /* test_calc-15.png */; };
		3463AFB81BBB01F000C78F0D /* test_calc-16.png in Resources */ = {isa = PBXBuildFile; fileRef = 3463AF7C1BBB01F000C78F0D /* test_calc-16.png */; };
		3463AFB91BBB01F000C78F0D /* test_calc-17.png in Resources */ = {isa = PBXBuildFile; fileRef = 3463AF7D1BBB01F000C78F0D /* test_calc-17.png */; };
		3463AFBA1BBB01F000C78F0D /* test_calc-18.png in Resources */ = {isa = PBXBuildFile; fileRef = 3463AF7E1BBB01F000C78F0D /* test_calc-18.png */; };
		3463AFBB1BBB01F000C78F0D /* test_calc-19.png in Resources */ = {isa = PBXBuildFile; fileRef = 3463AF7F1BBB01F000C78F0D /* test_calc-19.png */; };
		3463AFBC1BBB01F000C78F0D /* test_calc-2.png in Resources */ = {isa = PBXBuildFile; fileRef = 3463AF801BBB01F000C78F0D /* test_calc-2.png */; };
		3463AFBD1BBB01F000C78F0D /* test_calc-20.png in Resources */ = {isa = PBXBuildFile; fileRef = 3463AF811BBB01F000C78F0D /* test_calc-20.png */; };
		3463AFBE1BBB01F000C78F0D /* test_calc-21.png in Resources */ = {isa = PBXBuildFile; fileRef = 3463AF821BBB01F000C78F0D /* test_calc-21.png */; };
		3463AFBF1BBB01F000C78F0D /* test_calc-22.png in Resources */ = {isa = PBXBuildFile; fileRef = 3463AF831BBB01F000C78F0D /* test_calc-22.png */; };
		3463AFC01BBB01F000C78F0D /* test_calc-23.png in Resources */ = {isa = PBXBuildFile; fileRef = 3463AF841BBB01F000C78F0D /* test_calc-23.png */; };
		3463AFC11BBB01F000C78F0D /* test_calc-24.png in Resources */ = {isa = PBXBuildFile; fileRef = 3463AF851BBB01F000C78F0D /* test_calc-24.png */; };
		3463AFC21BBB01F000C78F0D /* test_calc-25.png in Resources */ = {isa = PBXBuildFile; fileRef = 3463AF861BBB01F000C78F0D /* test_calc-25.png */; };
		3463AFC31BBB01F000C78F0D /* test_calc-26.png in Resources */ = {isa = PBXBuildFile; fileRef = 3463AF871BBB01F000C78F0D /* test_calc-26.png */; };
		3463AFC41BBB01F000C78F0D /* test_calc-27.png in Resources */ = {isa = PBXBuildFile; fileRef = 3463AF881BBB01F000C78F0D /* test_calc-27.png */; };
		3463AFC51BBB01F000C78F0D /* test_calc-28.png in Resources */ = {isa = PBXBuildFile; fileRef = 3463AF891BBB01F000C78F0D /* test_calc-28.png */; };
		3463AFC61BBB01F000C78F0D /* test_calc-29.png in Resources */ = {isa = PBXBuildFile; fileRef = 3463AF8A1BBB01F000C78F0D /* test_calc-29.png */; };
		3463AFC71BBB01F000C78F0D /* test_calc-3.png in Resources */ = {isa = PBXBuildFile; fileRef = 3463AF8B1BBB01F000C78F0D /* test_calc-3.png */; };
		3463AFC81BBB01F000C78F0D /* test_calc-30.png in Resources */ = {isa = PBXBuildFile; fileRef = 3463AF8C1BBB01F000C78F0D /* test_calc-30.png */; };
		3463AFC91BBB01F000C78F0D /* test_calc-31.png in Resources */ = {isa = PBXBuildFile; fileRef = 3463AF8D1BBB01F000C78F0D /* test_calc-31.png */; };
		3463AFCA1BBB01F000C78F0D /* test_calc-32.png in Resources */ = {isa = PBXBuildFile; fileRef = 3463AF8E1BBB01F000C78F0D /* test_calc-32.png */; };
		3463AFCB1BBB01F000C78F0D /* test_calc-33.png in Resources */ = {isa = PBXBuildFile; fileRef = 3463AF8F1BBB01F000C78F0D /* test_calc-33.png */; };
		3463AFCC1BBB01F000C78F0D /* test_calc-34.png in Resources */ = {isa = PBXBuildFile; fileRef = 3463AF901BBB01F000C78F0D /* test_calc-34.png */; };
		3463AFCD1BBB01F000C78F0D /* test_calc-35.png in Resources */ = {isa = PBXBuildFile; fileRef = 3463AF911BBB01F000C78F0D /* test_calc-35.png */; };
		3463AFCE1BBB01F000C78F0D /* test_calc-36.png in Resources */ = {isa = PBXBuildFile; fileRef = 3463AF921BBB01F000C78F0D /* test_calc-36.png */; };
		3463AFCF1BBB01F000C78F0D /* test_calc-37.png in Resources */ = {isa = PBXBuildFile; fileRef = 3463AF931BBB01F000C78F0D /* test_calc-37.png */; };
		3463AFD01BBB01F000C78F0D /* test_calc-38.png in Resources */ = {isa = PBXBuildFile; fileRef = 3463AF941BBB01F000C78F0D /* test_calc-38.png */; };
		3463AFD11BBB01F000C78F0D /* test_calc-39.png in Resources */ = {isa = PBXBuildFile; fileRef = 3463AF951BBB01F000C78F0D /* test_calc-39.png */; };
		3463AFD21BBB01F000C78F0D /* test_calc-4.png in Resources */ = {isa = PBXBuildFile; fileRef = 3463AF961BBB01F000C78F0D /* test_calc-4.png */; };
		3463AFD31BBB01F000C78F0D /* test_calc-40.png in Resources */ = {isa = PBXBuildFile; fileRef = 3463AF971BBB01F000C78F0D /* test_calc-40.png */; };
		3463AFD41BBB01F000C78F0D /* test_calc-41.png in Resources */ = {isa = PBXBuildFile; fileRef = 3463AF981BBB01F000C78F0D /* test_calc-41.png */; };
		3463AFD51BBB01F000C78F0D /* test_calc-42.png in Resources */ = {isa = PBXBuildFile; fileRef = 3463AF991BBB01F000C78F0D /* test_calc-42.png */; };
		3463AFD61BBB01F000C78F0D /* test_calc-43.png in Resources */ = {isa = PBXBuildFile; fileRef = 3463AF9A1BBB01F000C78F0D /* test_calc-43.png */; };
		3463AFD71BBB01F000C78F0D /* test_calc-44.png in Resources */ = {isa = PBXBuildFile; fileRef = 3463AF9B1BBB01F000C78F0D /* test_calc-44.png */; };
		3463AFD81BBB01F000C78F0D /* test_calc-45.png in Resources */ = {isa = PBXBuildFile; fileRef = 3463AF9C1BBB01F000C78F0D /* test_calc-45.png */; };
		3463AFD91BBB01F000C78F0D /* test_calc-46.png in Resources */ = {isa = PBXBuildFile; fileRef = 3463AF9D1BBB01F000C78F0D /* test_calc-46.png */; };
		3463AFDA1BBB01F000C78F0D /* test_calc-47.png in Resources */ = {isa = PBXBuildFile; fileRef = 3463AF9E1BBB01F000C78F0D /* test_calc-47.png */; };
		3463AFDB1BBB01F000C78F0D /* test_calc-48.png in Resources */ = {isa = PBXBuildFile; fileRef = 3463AF9F1BBB01F000C78F0D /* test_calc-48.png */; };
		3463AFDC1BBB01F000C78F0D /* test_calc-49.png in Resources */ = {isa = PBXBuildFile; fileRef = 3463AFA01BBB01F000C78F0D /* test_calc-49.png */; };
		3463AFDD1BBB01F000C78F0D /* test_calc-5.png in Resources */ = {isa = PBXBuildFile; fileRef = 3463AFA11BBB01F000C78F0D /* test_calc-5.png */; };
		3463AFDE1BBB01F000C78F0D /* test_calc-50.png in Resources */ = {isa = PBXBuildFile; fileRef = 3463AFA21BBB01F000C78F0D /* test_calc-50.png */; };
		3463AFDF1BBB01F000C78F0D /* test_calc-51.png in Resources */ = {isa = PBXBuildFile; fileRef = 3463AFA31BBB01F000C78F0D /* test_calc-51.png */; };
		3463AFE01BBB01F000C78F0D /* test_calc-52.png in Resources */ = {isa = PBXBuildFile; fileRef = 3463AFA41BBB01F000C78F0D /* test_calc-52.png */; };
		3463AFE11BBB01F000C78F0D /* test_calc-53.png in Resources */ = {isa = PBXBuildFile; fileRef = 3463AFA51BBB01F000C78F0D /* test_calc-53.png */; };
		3463AFE21BBB01F000C78F0D /* test_calc-54.png in Resources */ = {isa = PBXBuildFile; fileRef = 3463AFA61BBB01F000C78F0D /* test_calc-54.png */; };
		3463AFE31BBB01F000C78F0D /* test_calc-55.png in Resources */ = {isa = PBXBuildFile; fileRef = 3463AFA71BBB01F000C78F0D /* test_calc-55.png */; };
		3463AFE41BBB01F000C78F0D /* test_calc-56.png in Resources */ = {isa = PBXBuildFile; fileRef = 3463AFA81BBB01F000C78F0D /* test_calc-56.png */; };
		3463AFE51BBB01F000C78F0D /* test_calc-57.png in Resources */ = {isa = PBXBuildFile; fileRef = 3463AFA91BBB01F000C78F0D /* test_calc-57.png */; };
		3463AFE61BBB01F000C78F0D /* test_calc-58.png in Resources */ = {isa = PBXBuildFile; fileRef = 3463AFAA1BBB01F000C78F0D /* test_calc-58.png */; };
		3463AFE71BBB01F000C78F0D /* test_calc-59.png in Resources */ = {isa = PBXBuildFile; fileRef = 3463AFAB1BBB01F000C78F0D /* test_calc-59.png */; };
		3463AFE81BBB01F000C78F0D /* test_calc-6.png in Resources */ = {isa = PBXBuildFile; fileRef = 3463AFAC1BBB01F000C78F0D /* test_calc-6.png */; };
		3463AFE91BBB01F000C78F0D /* test_calc-60.png in Resources */ = {isa = PBXBuildFile; fileRef = 3463AFAD1BBB01F000C78F0D /* test_calc-60.png */; };
		3463AFEA1BBB01F000C78F0D /* test_calc-61.png in Resources */ = {isa = PBXBuildFile; fileRef = 3463AFAE1BBB01F000C78F0D /* test_calc-61.png */; };
		3463AFEB1BBB01F000C78F0D /* test_calc-7.png in Resources */ = {isa = PBXBuildFile; fileRef = 3463AFAF1BBB01F000C78F0D /* test_calc-7.png */; };
		3463AFEC1BBB01F000C78F0D /* test_calc-8.png in Resources */ = {isa = PBXBuildFile; fileRef = 3463AFB01BBB01F000C78F0D /* test_calc-8.png */; };
		3463AFED1BBB01F000C78F0D /* test_calc-9.png in Resources */ = {isa = PBXBuildFile; fileRef = 3463AFB11BBB01F000C78F0D /* test_calc-9.png */; };
		3463AFF31BBD9C8C00C78F0D /* CalculationClass.m in Sources */ = {isa = PBXBuildFile; fileRef = 3463AFF21BBD9C8C00C78F0D /* CalculationClass.m */; };
/* End PBXBuildFile section */

/* Begin PBXContainerItemProxy section */
		3430FCDF1BBAFAC9002116BB /* PBXContainerItemProxy */ = {
			isa = PBXContainerItemProxy;
			containerPortal = 3430FCBD1BBAFAC9002116BB /* Project object */;
			proxyType = 1;
			remoteGlobalIDString = 3430FCC41BBAFAC9002116BB;
			remoteInfo = Calculator;
		};
/* End PBXContainerItemProxy section */

/* Begin PBXFileReference section */
		3430FCC51BBAFAC9002116BB /* Calculator.app */ = {isa = PBXFileReference; explicitFileType = wrapper.application; includeInIndex = 0; path = Calculator.app; sourceTree = BUILT_PRODUCTS_DIR; };
		3430FCC91BBAFAC9002116BB /* Info.plist */ = {isa = PBXFileReference; lastKnownFileType = text.plist.xml; path = Info.plist; sourceTree = "<group>"; };
		3430FCCA1BBAFAC9002116BB /* main.m */ = {isa = PBXFileReference; lastKnownFileType = sourcecode.c.objc; path = main.m; sourceTree = "<group>"; };
		3430FCCC1BBAFAC9002116BB /* AppDelegate.h */ = {isa = PBXFileReference; lastKnownFileType = sourcecode.c.h; path = AppDelegate.h; sourceTree = "<group>"; };
		3430FCCD1BBAFAC9002116BB /* AppDelegate.m */ = {isa = PBXFileReference; lastKnownFileType = sourcecode.c.objc; path = AppDelegate.m; sourceTree = "<group>"; };
		3430FCCF1BBAFAC9002116BB /* ViewController.h */ = {isa = PBXFileReference; lastKnownFileType = sourcecode.c.h; path = ViewController.h; sourceTree = "<group>"; };
		3430FCD01BBAFAC9002116BB /* ViewController.m */ = {isa = PBXFileReference; lastKnownFileType = sourcecode.c.objc; path = ViewController.m; sourceTree = "<group>"; };
		3430FCD31BBAFAC9002116BB /* Base */ = {isa = PBXFileReference; lastKnownFileType = file.storyboard; name = Base; path = Base.lproj/Main.storyboard; sourceTree = "<group>"; };
		3430FCD51BBAFAC9002116BB /* Images.xcassets */ = {isa = PBXFileReference; lastKnownFileType = folder.assetcatalog; path = Images.xcassets; sourceTree = "<group>"; };
		3430FCD81BBAFAC9002116BB /* Base */ = {isa = PBXFileReference; lastKnownFileType = file.xib; name = Base; path = Base.lproj/LaunchScreen.xib; sourceTree = "<group>"; };
		3430FCDE1BBAFAC9002116BB /* CalculatorTests.xctest */ = {isa = PBXFileReference; explicitFileType = wrapper.cfbundle; includeInIndex = 0; path = CalculatorTests.xctest; sourceTree = BUILT_PRODUCTS_DIR; };
		3430FCE31BBAFAC9002116BB /* Info.plist */ = {isa = PBXFileReference; lastKnownFileType = text.plist.xml; path = Info.plist; sourceTree = "<group>"; };
		3430FCE41BBAFAC9002116BB /* CalculatorTests.m */ = {isa = PBXFileReference; lastKnownFileType = sourcecode.c.objc; path = CalculatorTests.m; sourceTree = "<group>"; };
		3463AF761BBB01F000C78F0D /* test_calc-10.png */ = {isa = PBXFileReference; lastKnownFileType = image.png; path = "test_calc-10.png"; sourceTree = "<group>"; };
		3463AF771BBB01F000C78F0D /* test_calc-11.png */ = {isa = PBXFileReference; lastKnownFileType = image.png; path = "test_calc-11.png"; sourceTree = "<group>"; };
		3463AF781BBB01F000C78F0D /* test_calc-12.png */ = {isa = PBXFileReference; lastKnownFileType = image.png; path = "test_calc-12.png"; sourceTree = "<group>"; };
		3463AF791BBB01F000C78F0D /* test_calc-13.png */ = {isa = PBXFileReference; lastKnownFileType = image.png; path = "test_calc-13.png"; sourceTree = "<group>"; };
		3463AF7A1BBB01F000C78F0D /* test_calc-14.png */ = {isa = PBXFileReference; lastKnownFileType = image.png; path = "test_calc-14.png"; sourceTree = "<group>"; };
		3463AF7B1BBB01F000C78F0D /* test_calc-15.png */ = {isa = PBXFileReference; lastKnownFileType = image.png; path = "test_calc-15.png"; sourceTree = "<group>"; };
		3463AF7C1BBB01F000C78F0D /* test_calc-16.png */ = {isa = PBXFileReference; lastKnownFileType = image.png; path = "test_calc-16.png"; sourceTree = "<group>"; };
		3463AF7D1BBB01F000C78F0D /* test_calc-17.png */ = {isa = PBXFileReference; lastKnownFileType = image.png; path = "test_calc-17.png"; sourceTree = "<group>"; };
		3463AF7E1BBB01F000C78F0D /* test_calc-18.png */ = {isa = PBXFileReference; lastKnownFileType = image.png; path = "test_calc-18.png"; sourceTree = "<group>"; };
		3463AF7F1BBB01F000C78F0D /* test_calc-19.png */ = {isa = PBXFileReference; lastKnownFileType = image.png; path = "test_calc-19.png"; sourceTree = "<group>"; };
		3463AF801BBB01F000C78F0D /* test_calc-2.png */ = {isa = PBXFileReference; lastKnownFileType = image.png; path = "test_calc-2.png"; sourceTree = "<group>"; };
		3463AF811BBB01F000C78F0D /* test_calc-20.png */ = {isa = PBXFileReference; lastKnownFileType = image.png; path = "test_calc-20.png"; sourceTree = "<group>"; };
		3463AF821BBB01F000C78F0D /* test_calc-21.png */ = {isa = PBXFileReference; lastKnownFileType = image.png; path = "test_calc-21.png"; sourceTree = "<group>"; };
		3463AF831BBB01F000C78F0D /* test_calc-22.png */ = {isa = PBXFileReference; lastKnownFileType = image.png; path = "test_calc-22.png"; sourceTree = "<group>"; };
		3463AF841BBB01F000C78F0D /* test_calc-23.png */ = {isa = PBXFileReference; lastKnownFileType = image.png; path = "test_calc-23.png"; sourceTree = "<group>"; };
		3463AF851BBB01F000C78F0D /* test_calc-24.png */ = {isa = PBXFileReference; lastKnownFileType = image.png; path = "test_calc-24.png"; sourceTree = "<group>"; };
		3463AF861BBB01F000C78F0D /* test_calc-25.png */ = {isa = PBXFileReference; lastKnownFileType = image.png; path = "test_calc-25.png"; sourceTree = "<group>"; };
		3463AF871BBB01F000C78F0D /* test_calc-26.png */ = {isa = PBXFileReference; lastKnownFileType = image.png; path = "test_calc-26.png"; sourceTree = "<group>"; };
		3463AF881BBB01F000C78F0D /* test_calc-27.png */ = {isa = PBXFileReference; lastKnownFileType = image.png; path = "test_calc-27.png"; sourceTree = "<group>"; };
		3463AF891BBB01F000C78F0D /* test_calc-28.png */ = {isa = PBXFileReference; lastKnownFileType = image.png; path = "test_calc-28.png"; sourceTree = "<group>"; };
		3463AF8A1BBB01F000C78F0D /* test_calc-29.png */ = {isa = PBXFileReference; lastKnownFileType = image.png; path = "test_calc-29.png"; sourceTree = "<group>"; };
		3463AF8B1BBB01F000C78F0D /* test_calc-3.png */ = {isa = PBXFileReference; lastKnownFileType = image.png; path = "test_calc-3.png"; sourceTree = "<group>"; };
		3463AF8C1BBB01F000C78F0D /* test_calc-30.png */ = {isa = PBXFileReference; lastKnownFileType = image.png; path = "test_calc-30.png"; sourceTree = "<group>"; };
		3463AF8D1BBB01F000C78F0D /* test_calc-31.png */ = {isa = PBXFileReference; lastKnownFileType = image.png; path = "test_calc-31.png"; sourceTree = "<group>"; };
		3463AF8E1BBB01F000C78F0D /* test_calc-32.png */ = {isa = PBXFileReference; lastKnownFileType = image.png; path = "test_calc-32.png"; sourceTree = "<group>"; };
		3463AF8F1BBB01F000C78F0D /* test_calc-33.png */ = {isa = PBXFileReference; lastKnownFileType = image.png; path = "test_calc-33.png"; sourceTree = "<group>"; };
		3463AF901BBB01F000C78F0D /* test_calc-34.png */ = {isa = PBXFileReference; lastKnownFileType = image.png; path = "test_calc-34.png"; sourceTree = "<group>"; };
		3463AF911BBB01F000C78F0D /* test_calc-35.png */ = {isa = PBXFileReference; lastKnownFileType = image.png; path = "test_calc-35.png"; sourceTree = "<group>"; };
		3463AF921BBB01F000C78F0D /* test_calc-36.png */ = {isa = PBXFileReference; lastKnownFileType = image.png; path = "test_calc-36.png"; sourceTree = "<group>"; };
		3463AF931BBB01F000C78F0D /* test_calc-37.png */ = {isa = PBXFileReference; lastKnownFileType = image.png; path = "test_calc-37.png"; sourceTree = "<group>"; };
		3463AF941BBB01F000C78F0D /* test_calc-38.png */ = {isa = PBXFileReference; lastKnownFileType = image.png; path = "test_calc-38.png"; sourceTree = "<group>"; };
		3463AF951BBB01F000C78F0D /* test_calc-39.png */ = {isa = PBXFileReference; lastKnownFileType = image.png; path = "test_calc-39.png"; sourceTree = "<group>"; };
		3463AF961BBB01F000C78F0D /* test_calc-4.png */ = {isa = PBXFileReference; lastKnownFileType = image.png; path = "test_calc-4.png"; sourceTree = "<group>"; };
		3463AF971BBB01F000C78F0D /* test_calc-40.png */ = {isa = PBXFileReference; lastKnownFileType = image.png; path = "test_calc-40.png"; sourceTree = "<group>"; };
		3463AF981BBB01F000C78F0D /* test_calc-41.png */ = {isa = PBXFileReference; lastKnownFileType = image.png; path = "test_calc-41.png"; sourceTree = "<group>"; };
		3463AF991BBB01F000C78F0D /* test_calc-42.png */ = {isa = PBXFileReference; lastKnownFileType = image.png; path = "test_calc-42.png"; sourceTree = "<group>"; };
		3463AF9A1BBB01F000C78F0D /* test_calc-43.png */ = {isa = PBXFileReference; lastKnownFileType = image.png; path = "test_calc-43.png"; sourceTree = "<group>"; };
		3463AF9B1BBB01F000C78F0D /* test_calc-44.png */ = {isa = PBXFileReference; lastKnownFileType = image.png; path = "test_calc-44.png"; sourceTree = "<group>"; };
		3463AF9C1BBB01F000C78F0D /* test_calc-45.png */ = {isa = PBXFileReference; lastKnownFileType = image.png; path = "test_calc-45.png"; sourceTree = "<group>"; };
		3463AF9D1BBB01F000C78F0D /* test_calc-46.png */ = {isa = PBXFileReference; lastKnownFileType = image.png; path = "test_calc-46.png"; sourceTree = "<group>"; };
		3463AF9E1BBB01F000C78F0D /* test_calc-47.png */ = {isa = PBXFileReference; lastKnownFileType = image.png; path = "test_calc-47.png"; sourceTree = "<group>"; };
		3463AF9F1BBB01F000C78F0D /* test_calc-48.png */ = {isa = PBXFileReference; lastKnownFileType = image.png; path = "test_calc-48.png"; sourceTree = "<group>"; };
		3463AFA01BBB01F000C78F0D /* test_calc-49.png */ = {isa = PBXFileReference; lastKnownFileType = image.png; path = "test_calc-49.png"; sourceTree = "<group>"; };
		3463AFA11BBB01F000C78F0D /* test_calc-5.png */ = {isa = PBXFileReference; lastKnownFileType = image.png; path = "test_calc-5.png"; sourceTree = "<group>"; };
		3463AFA21BBB01F000C78F0D /* test_calc-50.png */ = {isa = PBXFileReference; lastKnownFileType = image.png; path = "test_calc-50.png"; sourceTree = "<group>"; };
		3463AFA31BBB01F000C78F0D /* test_calc-51.png */ = {isa = PBXFileReference; lastKnownFileType = image.png; path = "test_calc-51.png"; sourceTree = "<group>"; };
		3463AFA41BBB01F000C78F0D /* test_calc-52.png */ = {isa = PBXFileReference; lastKnownFileType = image.png; path = "test_calc-52.png"; sourceTree = "<group>"; };
		3463AFA51BBB01F000C78F0D /* test_calc-53.png */ = {isa = PBXFileReference; lastKnownFileType = image.png; path = "test_calc-53.png"; sourceTree = "<group>"; };
		3463AFA61BBB01F000C78F0D /* test_calc-54.png */ = {isa = PBXFileReference; lastKnownFileType = image.png; path = "test_calc-54.png"; sourceTree = "<group>"; };
		3463AFA71BBB01F000C78F0D /* test_calc-55.png */ = {isa = PBXFileReference; lastKnownFileType = image.png; path = "test_calc-55.png"; sourceTree = "<group>"; };
		3463AFA81BBB01F000C78F0D /* test_calc-56.png */ = {isa = PBXFileReference; lastKnownFileType = image.png; path = "test_calc-56.png"; sourceTree = "<group>"; };
		3463AFA91BBB01F000C78F0D /* test_calc-57.png */ = {isa = PBXFileReference; lastKnownFileType = image.png; path = "test_calc-57.png"; sourceTree = "<group>"; };
		3463AFAA1BBB01F000C78F0D /* test_calc-58.png */ = {isa = PBXFileReference; lastKnownFileType = image.png; path = "test_calc-58.png"; sourceTree = "<group>"; };
		3463AFAB1BBB01F000C78F0D /* test_calc-59.png */ = {isa = PBXFileReference; lastKnownFileType = image.png; path = "test_calc-59.png"; sourceTree = "<group>"; };
		3463AFAC1BBB01F000C78F0D /* test_calc-6.png */ = {isa = PBXFileReference; lastKnownFileType = image.png; path = "test_calc-6.png"; sourceTree = "<group>"; };
		3463AFAD1BBB01F000C78F0D /* test_calc-60.png */ = {isa = PBXFileReference; lastKnownFileType = image.png; path = "test_calc-60.png"; sourceTree = "<group>"; };
		3463AFAE1BBB01F000C78F0D /* test_calc-61.png */ = {isa = PBXFileReference; lastKnownFileType = image.png; path = "test_calc-61.png"; sourceTree = "<group>"; };
		3463AFAF1BBB01F000C78F0D /* test_calc-7.png */ = {isa = PBXFileReference; lastKnownFileType = image.png; path = "test_calc-7.png"; sourceTree = "<group>"; };
		3463AFB01BBB01F000C78F0D /* test_calc-8.png */ = {isa = PBXFileReference; lastKnownFileType = image.png; path = "test_calc-8.png"; sourceTree = "<group>"; };
		3463AFB11BBB01F000C78F0D /* test_calc-9.png */ = {isa = PBXFileReference; lastKnownFileType = image.png; path = "test_calc-9.png"; sourceTree = "<group>"; };
		3463AFF11BBD9C8C00C78F0D /* CalculationClass.h */ = {isa = PBXFileReference; fileEncoding = 4; lastKnownFileType = sourcecode.c.h; path = CalculationClass.h; sourceTree = "<group>"; };
		3463AFF21BBD9C8C00C78F0D /* CalculationClass.m */ = {isa = PBXFileReference; fileEncoding = 4; lastKnownFileType = sourcecode.c.objc; path = CalculationClass.m; sourceTree = "<group>"; };
/* End PBXFileReference section */

/* Begin PBXFrameworksBuildPhase section */
		3430FCC21BBAFAC9002116BB /* Frameworks */ = {
			isa = PBXFrameworksBuildPhase;
			buildActionMask = 2147483647;
			files = (
			);
			runOnlyForDeploymentPostprocessing = 0;
		};
		3430FCDB1BBAFAC9002116BB /* Frameworks */ = {
			isa = PBXFrameworksBuildPhase;
			buildActionMask = 2147483647;
			files = (
			);
			runOnlyForDeploymentPostprocessing = 0;
		};
/* End PBXFrameworksBuildPhase section */

/* Begin PBXGroup section */
		3430FCBC1BBAFAC9002116BB = {
			isa = PBXGroup;
			children = (
				3430FCC71BBAFAC9002116BB /* Calculator */,
				3430FCE11BBAFAC9002116BB /* CalculatorTests */,
				3430FCC61BBAFAC9002116BB /* Products */,
			);
			sourceTree = "<group>";
		};
		3430FCC61BBAFAC9002116BB /* Products */ = {
			isa = PBXGroup;
			children = (
				3430FCC51BBAFAC9002116BB /* Calculator.app */,
				3430FCDE1BBAFAC9002116BB /* CalculatorTests.xctest */,
			);
			name = Products;
			sourceTree = "<group>";
		};
		3430FCC71BBAFAC9002116BB /* Calculator */ = {
			isa = PBXGroup;
			children = (
				3463AF751BBB01F000C78F0D /* Images */,
				3430FCCC1BBAFAC9002116BB /* AppDelegate.h */,
				3430FCCD1BBAFAC9002116BB /* AppDelegate.m */,
				3430FCCF1BBAFAC9002116BB /* ViewController.h */,
				3430FCD01BBAFAC9002116BB /* ViewController.m */,
				3430FCD21BBAFAC9002116BB /* Main.storyboard */,
				3430FCD51BBAFAC9002116BB /* Images.xcassets */,
				3430FCD71BBAFAC9002116BB /* LaunchScreen.xib */,
				3430FCC81BBAFAC9002116BB /* Supporting Files */,
				3463AFF11BBD9C8C00C78F0D /* CalculationClass.h */,
				3463AFF21BBD9C8C00C78F0D /* CalculationClass.m */,
			);
			path = Calculator;
			sourceTree = "<group>";
		};
		3430FCC81BBAFAC9002116BB /* Supporting Files */ = {
			isa = PBXGroup;
			children = (
				3430FCC91BBAFAC9002116BB /* Info.plist */,
				3430FCCA1BBAFAC9002116BB /* main.m */,
			);
			name = "Supporting Files";
			sourceTree = "<group>";
		};
		3430FCE11BBAFAC9002116BB /* CalculatorTests */ = {
			isa = PBXGroup;
			children = (
				3430FCE41BBAFAC9002116BB /* CalculatorTests.m */,
				3430FCE21BBAFAC9002116BB /* Supporting Files */,
			);
			path = CalculatorTests;
			sourceTree = "<group>";
		};
		3430FCE21BBAFAC9002116BB /* Supporting Files */ = {
			isa = PBXGroup;
			children = (
				3430FCE31BBAFAC9002116BB /* Info.plist */,
			);
			name = "Supporting Files";
			sourceTree = "<group>";
		};
		3463AF751BBB01F000C78F0D /* Images */ = {
			isa = PBXGroup;
			children = (
				3463AF761BBB01F000C78F0D /* test_calc-10.png */,
				3463AF771BBB01F000C78F0D /* test_calc-11.png */,
				3463AF781BBB01F000C78F0D /* test_calc-12.png */,
				3463AF791BBB01F000C78F0D /* test_calc-13.png */,
				3463AF7A1BBB01F000C78F0D /* test_calc-14.png */,
				3463AF7B1BBB01F000C78F0D /* test_calc-15.png */,
				3463AF7C1BBB01F000C78F0D /* test_calc-16.png */,
				3463AF7D1BBB01F000C78F0D /* test_calc-17.png */,
				3463AF7E1BBB01F000C78F0D /* test_calc-18.png */,
				3463AF7F1BBB01F000C78F0D /* test_calc-19.png */,
				3463AF801BBB01F000C78F0D /* test_calc-2.png */,
				3463AF811BBB01F000C78F0D /* test_calc-20.png */,
				3463AF821BBB01F000C78F0D /* test_calc-21.png */,
				3463AF831BBB01F000C78F0D /* test_calc-22.png */,
				3463AF841BBB01F000C78F0D /* test_calc-23.png */,
				3463AF851BBB01F000C78F0D /* test_calc-24.png */,
				3463AF861BBB01F000C78F0D /* test_calc-25.png */,
				3463AF871BBB01F000C78F0D /* test_calc-26.png */,
				3463AF881BBB01F000C78F0D /* test_calc-27.png */,
				3463AF891BBB01F000C78F0D /* test_calc-28.png */,
				3463AF8A1BBB01F000C78F0D /* test_calc-29.png */,
				3463AF8B1BBB01F000C78F0D /* test_calc-3.png */,
				3463AF8C1BBB01F000C78F0D /* test_calc-30.png */,
				3463AF8D1BBB01F000C78F0D /* test_calc-31.png */,
				3463AF8E1BBB01F000C78F0D /* test_calc-32.png */,
				3463AF8F1BBB01F000C78F0D /* test_calc-33.png */,
				3463AF901BBB01F000C78F0D /* test_calc-34.png */,
				3463AF911BBB01F000C78F0D /* test_calc-35.png */,
				3463AF921BBB01F000C78F0D /* test_calc-36.png */,
				3463AF931BBB01F000C78F0D /* test_calc-37.png */,
				3463AF941BBB01F000C78F0D /* test_calc-38.png */,
				3463AF951BBB01F000C78F0D /* test_calc-39.png */,
				3463AF961BBB01F000C78F0D /* test_calc-4.png */,
				3463AF971BBB01F000C78F0D /* test_calc-40.png */,
				3463AF981BBB01F000C78F0D /* test_calc-41.png */,
				3463AF991BBB01F000C78F0D /* test_calc-42.png */,
				3463AF9A1BBB01F000C78F0D /* test_calc-43.png */,
				3463AF9B1BBB01F000C78F0D /* test_calc-44.png */,
				3463AF9C1BBB01F000C78F0D /* test_calc-45.png */,
				3463AF9D1BBB01F000C78F0D /* test_calc-46.png */,
				3463AF9E1BBB01F000C78F0D /* test_calc-47.png */,
				3463AF9F1BBB01F000C78F0D /* test_calc-48.png */,
				3463AFA01BBB01F000C78F0D /* test_calc-49.png */,
				3463AFA11BBB01F000C78F0D /* test_calc-5.png */,
				3463AFA21BBB01F000C78F0D /* test_calc-50.png */,
				3463AFA31BBB01F000C78F0D /* test_calc-51.png */,
				3463AFA41BBB01F000C78F0D /* test_calc-52.png */,
				3463AFA51BBB01F000C78F0D /* test_calc-53.png */,
				3463AFA61BBB01F000C78F0D /* test_calc-54.png */,
				3463AFA71BBB01F000C78F0D /* test_calc-55.png */,
				3463AFA81BBB01F000C78F0D /* test_calc-56.png */,
				3463AFA91BBB01F000C78F0D /* test_calc-57.png */,
				3463AFAA1BBB01F000C78F0D /* test_calc-58.png */,
				3463AFAB1BBB01F000C78F0D /* test_calc-59.png */,
				3463AFAC1BBB01F000C78F0D /* test_calc-6.png */,
				3463AFAD1BBB01F000C78F0D /* test_calc-60.png */,
				3463AFAE1BBB01F000C78F0D /* test_calc-61.png */,
				3463AFAF1BBB01F000C78F0D /* test_calc-7.png */,
				3463AFB01BBB01F000C78F0D /* test_calc-8.png */,
				3463AFB11BBB01F000C78F0D /* test_calc-9.png */,
			);
			path = Images;
			sourceTree = "<group>";
		};
/* End PBXGroup section */

/* Begin PBXNativeTarget section */
		3430FCC41BBAFAC9002116BB /* Calculator */ = {
			isa = PBXNativeTarget;
			buildConfigurationList = 3430FCE81BBAFAC9002116BB /* Build configuration list for PBXNativeTarget "Calculator" */;
			buildPhases = (
				3430FCC11BBAFAC9002116BB /* Sources */,
				3430FCC21BBAFAC9002116BB /* Frameworks */,
				3430FCC31BBAFAC9002116BB /* Resources */,
			);
			buildRules = (
			);
			dependencies = (
			);
			name = Calculator;
			productName = Calculator;
			productReference = 3430FCC51BBAFAC9002116BB /* Calculator.app */;
			productType = "com.apple.product-type.application";
		};
		3430FCDD1BBAFAC9002116BB /* CalculatorTests */ = {
			isa = PBXNativeTarget;
			buildConfigurationList = 3430FCEB1BBAFAC9002116BB /* Build configuration list for PBXNativeTarget "CalculatorTests" */;
			buildPhases = (
				3430FCDA1BBAFAC9002116BB /* Sources */,
				3430FCDB1BBAFAC9002116BB /* Frameworks */,
				3430FCDC1BBAFAC9002116BB /* Resources */,
			);
			buildRules = (
			);
			dependencies = (
				3430FCE01BBAFAC9002116BB /* PBXTargetDependency */,
			);
			name = CalculatorTests;
			productName = CalculatorTests;
			productReference = 3430FCDE1BBAFAC9002116BB /* CalculatorTests.xctest */;
			productType = "com.apple.product-type.bundle.unit-test";
		};
/* End PBXNativeTarget section */

/* Begin PBXProject section */
		3430FCBD1BBAFAC9002116BB /* Project object */ = {
			isa = PBXProject;
			attributes = {
				LastUpgradeCheck = 0630;
				ORGANIZATIONNAME = Vijay;
				TargetAttributes = {
					3430FCC41BBAFAC9002116BB = {
						CreatedOnToolsVersion = 6.3.2;
					};
					3430FCDD1BBAFAC9002116BB = {
						CreatedOnToolsVersion = 6.3.2;
						TestTargetID = 3430FCC41BBAFAC9002116BB;
					};
				};
			};
			buildConfigurationList = 3430FCC01BBAFAC9002116BB /* Build configuration list for PBXProject "Calculator" */;
			compatibilityVersion = "Xcode 3.2";
			developmentRegion = English;
			hasScannedForEncodings = 0;
			knownRegions = (
				en,
				Base,
			);
			mainGroup = 3430FCBC1BBAFAC9002116BB;
			productRefGroup = 3430FCC61BBAFAC9002116BB /* Products */;
			projectDirPath = "";
			projectRoot = "";
			targets = (
				3430FCC41BBAFAC9002116BB /* Calculator */,
				3430FCDD1BBAFAC9002116BB /* CalculatorTests */,
			);
		};
/* End PBXProject section */

/* Begin PBXResourcesBuildPhase section */
		3430FCC31BBAFAC9002116BB /* Resources */ = {
			isa = PBXResourcesBuildPhase;
			buildActionMask = 2147483647;
			files = (
				3463AFE31BBB01F000C78F0D /* test_calc-55.png in Resources */,
				3463AFDB1BBB01F000C78F0D /* test_calc-48.png in Resources */,
				3463AFDC1BBB01F000C78F0D /* test_calc-49.png in Resources */,
				3463AFC91BBB01F000C78F0D /* test_calc-31.png in Resources */,
				3463AFBD1BBB01F000C78F0D /* test_calc-20.png in Resources */,
				3463AFDD1BBB01F000C78F0D /* test_calc-5.png in Resources */,
				3463AFCD1BBB01F000C78F0D /* test_calc-35.png in Resources */,
				3463AFDF1BBB01F000C78F0D /* test_calc-51.png in Resources */,
				3463AFB71BBB01F000C78F0D /* test_calc-15.png in Resources */,
				3463AFB31BBB01F000C78F0D /* test_calc-11.png in Resources */,
				3463AFD41BBB01F000C78F0D /* test_calc-41.png in Resources */,
				3463AFE81BBB01F000C78F0D /* test_calc-6.png in Resources */,
				3463AFED1BBB01F000C78F0D /* test_calc-9.png in Resources */,
				3463AFD31BBB01F000C78F0D /* test_calc-40.png in Resources */,
				3463AFC31BBB01F000C78F0D /* test_calc-26.png in Resources */,
				3463AFB91BBB01F000C78F0D /* test_calc-17.png in Resources */,
				3463AFBA1BBB01F000C78F0D /* test_calc-18.png in Resources */,
				3463AFC51BBB01F000C78F0D /* test_calc-28.png in Resources */,
				3463AFC71BBB01F000C78F0D /* test_calc-3.png in Resources */,
				3463AFC21BBB01F000C78F0D /* test_calc-25.png in Resources */,
				3463AFCE1BBB01F000C78F0D /* test_calc-36.png in Resources */,
				3463AFC11BBB01F000C78F0D /* test_calc-24.png in Resources */,
				3463AFCA1BBB01F000C78F0D /* test_calc-32.png in Resources */,
				3463AFE91BBB01F000C78F0D /* test_calc-60.png in Resources */,
				3463AFCB1BBB01F000C78F0D /* test_calc-33.png in Resources */,
				3463AFBE1BBB01F000C78F0D /* test_calc-21.png in Resources */,
				3463AFD71BBB01F000C78F0D /* test_calc-44.png in Resources */,
				3463AFE71BBB01F000C78F0D /* test_calc-59.png in Resources */,
				3463AFBB1BBB01F000C78F0D /* test_calc-19.png in Resources */,
				3463AFCC1BBB01F000C78F0D /* test_calc-34.png in Resources */,
				3463AFBC1BBB01F000C78F0D /* test_calc-2.png in Resources */,
				3463AFE41BBB01F000C78F0D /* test_calc-56.png in Resources */,
				3463AFC81BBB01F000C78F0D /* test_calc-30.png in Resources */,
				3463AFEB1BBB01F000C78F0D /* test_calc-7.png in Resources */,
				3430FCD41BBAFAC9002116BB /* Main.storyboard in Resources */,
				3463AFD21BBB01F000C78F0D /* test_calc-4.png in Resources */,
				3463AFDA1BBB01F000C78F0D /* test_calc-47.png in Resources */,
				3463AFD51BBB01F000C78F0D /* test_calc-42.png in Resources */,
				3463AFD61BBB01F000C78F0D /* test_calc-43.png in Resources */,
				3463AFCF1BBB01F000C78F0D /* test_calc-37.png in Resources */,
				3463AFE11BBB01F000C78F0D /* test_calc-53.png in Resources */,
				3463AFC01BBB01F000C78F0D /* test_calc-23.png in Resources */,
				3463AFE21BBB01F000C78F0D /* test_calc-54.png in Resources */,
				3463AFB51BBB01F000C78F0D /* test_calc-13.png in Resources */,
				3463AFBF1BBB01F000C78F0D /* test_calc-22.png in Resources */,
				3463AFE51BBB01F000C78F0D /* test_calc-57.png in Resources */,
				3463AFD11BBB01F000C78F0D /* test_calc-39.png in Resources */,
				3463AFEA1BBB01F000C78F0D /* test_calc-61.png in Resources */,
				3430FCD91BBAFAC9002116BB /* LaunchScreen.xib in Resources */,
				3463AFD81BBB01F000C78F0D /* test_calc-45.png in Resources */,
				3463AFEC1BBB01F000C78F0D /* test_calc-8.png in Resources */,
				3463AFB81BBB01F000C78F0D /* test_calc-16.png in Resources */,
				3463AFDE1BBB01F000C78F0D /* test_calc-50.png in Resources */,
				3463AFD91BBB01F000C78F0D /* test_calc-46.png in Resources */,
				3463AFC41BBB01F000C78F0D /* test_calc-27.png in Resources */,
				3463AFB41BBB01F000C78F0D /* test_calc-12.png in Resources */,
				3463AFD01BBB01F000C78F0D /* test_calc-38.png in Resources */,
				3463AFE01BBB01F000C78F0D /* test_calc-52.png in Resources */,
				3430FCD61BBAFAC9002116BB /* Images.xcassets in Resources */,
				3463AFC61BBB01F000C78F0D /* test_calc-29.png in Resources */,
				3463AFB21BBB01F000C78F0D /* test_calc-10.png in Resources */,
				3463AFB61BBB01F000C78F0D /* test_calc-14.png in Resources */,
				3463AFE61BBB01F000C78F0D /* test_calc-58.png in Resources */,
			);
			runOnlyForDeploymentPostprocessing = 0;
		};
		3430FCDC1BBAFAC9002116BB /* Resources */ = {
			isa = PBXResourcesBuildPhase;
			buildActionMask = 2147483647;
			files = (
			);
			runOnlyForDeploymentPostprocessing = 0;
		};
/* End PBXResourcesBuildPhase section */

/* Begin PBXSourcesBuildPhase section */
		3430FCC11BBAFAC9002116BB /* Sources */ = {
			isa = PBXSourcesBuildPhase;
			buildActionMask = 2147483647;
			files = (
				3430FCD11BBAFAC9002116BB /* ViewController.m in Sources */,
				3430FCCE1BBAFAC9002116BB /* AppDelegate.m in Sources */,
				3463AFF31BBD9C8C00C78F0D /* CalculationClass.m in Sources */,
				3430FCCB1BBAFAC9002116BB /* main.m in Sources */,
			);
			runOnlyForDeploymentPostprocessing = 0;
		};
		3430FCDA1BBAFAC9002116BB /* Sources */ = {
			isa = PBXSourcesBuildPhase;
			buildActionMask = 2147483647;
			files = (
				3430FCE51BBAFAC9002116BB /* CalculatorTests.m in Sources */,
			);
			runOnlyForDeploymentPostprocessing = 0;
		};
/* End PBXSourcesBuildPhase section */

/* Begin PBXTargetDependency section */
		3430FCE01BBAFAC9002116BB /* PBXTargetDependency */ = {
			isa = PBXTargetDependency;
			target = 3430FCC41BBAFAC9002116BB /* Calculator */;
			targetProxy = 3430FCDF1BBAFAC9002116BB /* PBXContainerItemProxy */;
		};
/* End PBXTargetDependency section */

/* Begin PBXVariantGroup section */
		3430FCD21BBAFAC9002116BB /* Main.storyboard */ = {
			isa = PBXVariantGroup;
			children = (
				3430FCD31BBAFAC9002116BB /* Base */,
			);
			name = Main.storyboard;
			sourceTree = "<group>";
		};
		3430FCD71BBAFAC9002116BB /* LaunchScreen.xib */ = {
			isa = PBXVariantGroup;
			children = (
				3430FCD81BBAFAC9002116BB /* Base */,
			);
			name = LaunchScreen.xib;
			sourceTree = "<group>";
		};
/* End PBXVariantGroup section */

/* Begin XCBuildConfiguration section */
		3430FCE61BBAFAC9002116BB /* Debug */ = {
			isa = XCBuildConfiguration;
			buildSettings = {
				ALWAYS_SEARCH_USER_PATHS = NO;
				CLANG_CXX_LANGUAGE_STANDARD = "gnu++0x";
				CLANG_CXX_LIBRARY = "libc++";
				CLANG_ENABLE_MODULES = YES;
				CLANG_ENABLE_OBJC_ARC = YES;
				CLANG_WARN_BOOL_CONVERSION = YES;
				CLANG_WARN_CONSTANT_CONVERSION = YES;
				CLANG_WARN_DIRECT_OBJC_ISA_USAGE = YES_ERROR;
				CLANG_WARN_EMPTY_BODY = YES;
				CLANG_WARN_ENUM_CONVERSION = YES;
				CLANG_WARN_INT_CONVERSION = YES;
				CLANG_WARN_OBJC_ROOT_CLASS = YES_ERROR;
				CLANG_WARN_UNREACHABLE_CODE = YES;
				CLANG_WARN__DUPLICATE_METHOD_MATCH = YES;
				"CODE_SIGN_IDENTITY[sdk=iphoneos*]" = "iPhone Developer";
				COPY_PHASE_STRIP = NO;
				DEBUG_INFORMATION_FORMAT = "dwarf-with-dsym";
				ENABLE_STRICT_OBJC_MSGSEND = YES;
				GCC_C_LANGUAGE_STANDARD = gnu99;
				GCC_DYNAMIC_NO_PIC = NO;
				GCC_NO_COMMON_BLOCKS = YES;
				GCC_OPTIMIZATION_LEVEL = 0;
				GCC_PREPROCESSOR_DEFINITIONS = (
					"DEBUG=1",
					"$(inherited)",
				);
				GCC_SYMBOLS_PRIVATE_EXTERN = NO;
				GCC_WARN_64_TO_32_BIT_CONVERSION = YES;
				GCC_WARN_ABOUT_RETURN_TYPE = YES_ERROR;
				GCC_WARN_UNDECLARED_SELECTOR = YES;
				GCC_WARN_UNINITIALIZED_AUTOS = YES_AGGRESSIVE;
				GCC_WARN_UNUSED_FUNCTION = YES;
				GCC_WARN_UNUSED_VARIABLE = YES;
				IPHONEOS_DEPLOYMENT_TARGET = 8.3;
				MTL_ENABLE_DEBUG_INFO = YES;
				ONLY_ACTIVE_ARCH = YES;
				SDKROOT = iphoneos;
			};
			name = Debug;
		};
		3430FCE71BBAFAC9002116BB /* Release */ = {
			isa = XCBuildConfiguration;
			buildSettings = {
				ALWAYS_SEARCH_USER_PATHS = NO;
				CLANG_CXX_LANGUAGE_STANDARD = "gnu++0x";
				CLANG_CXX_LIBRARY = "libc++";
				CLANG_ENABLE_MODULES = YES;
				CLANG_ENABLE_OBJC_ARC = YES;
				CLANG_WARN_BOOL_CONVERSION = YES;
				CLANG_WARN_CONSTANT_CONVERSION = YES;
				CLANG_WARN_DIRECT_OBJC_ISA_USAGE = YES_ERROR;
				CLANG_WARN_EMPTY_BODY = YES;
				CLANG_WARN_ENUM_CONVERSION = YES;
				CLANG_WARN_INT_CONVERSION = YES;
				CLANG_WARN_OBJC_ROOT_CLASS = YES_ERROR;
				CLANG_WARN_UNREACHABLE_CODE = YES;
				CLANG_WARN__DUPLICATE_METHOD_MATCH = YES;
				"CODE_SIGN_IDENTITY[sdk=iphoneos*]" = "iPhone Developer";
				COPY_PHASE_STRIP = NO;
				DEBUG_INFORMATION_FORMAT = "dwarf-with-dsym";
				ENABLE_NS_ASSERTIONS = NO;
				ENABLE_STRICT_OBJC_MSGSEND = YES;
				GCC_C_LANGUAGE_STANDARD = gnu99;
				GCC_NO_COMMON_BLOCKS = YES;
				GCC_WARN_64_TO_32_BIT_CONVERSION = YES;
				GCC_WARN_ABOUT_RETURN_TYPE = YES_ERROR;
				GCC_WARN_UNDECLARED_SELECTOR = YES;
				GCC_WARN_UNINITIALIZED_AUTOS = YES_AGGRESSIVE;
				GCC_WARN_UNUSED_FUNCTION = YES;
				GCC_WARN_UNUSED_VARIABLE = YES;
				IPHONEOS_DEPLOYMENT_TARGET = 8.3;
				MTL_ENABLE_DEBUG_INFO = NO;
				SDKROOT = iphoneos;
				VALIDATE_PRODUCT = YES;
			};
			name = Release;
		};
		3430FCE91BBAFAC9002116BB /* Debug */ = {
			isa = XCBuildConfiguration;
			buildSettings = {
				ASSETCATALOG_COMPILER_APPICON_NAME = AppIcon;
				INFOPLIST_FILE = Calculator/Info.plist;
				LD_RUNPATH_SEARCH_PATHS = "$(inherited) @executable_path/Frameworks";
				PRODUCT_NAME = "$(TARGET_NAME)";
			};
			name = Debug;
		};
		3430FCEA1BBAFAC9002116BB /* Release */ = {
			isa = XCBuildConfiguration;
			buildSettings = {
				ASSETCATALOG_COMPILER_APPICON_NAME = AppIcon;
				INFOPLIST_FILE = Calculator/Info.plist;
				LD_RUNPATH_SEARCH_PATHS = "$(inherited) @executable_path/Frameworks";
				PRODUCT_NAME = "$(TARGET_NAME)";
			};
			name = Release;
		};
		3430FCEC1BBAFAC9002116BB /* Debug */ = {
			isa = XCBuildConfiguration;
			buildSettings = {
				BUNDLE_LOADER = "$(TEST_HOST)";
				FRAMEWORK_SEARCH_PATHS = (
					"$(SDKROOT)/Developer/Library/Frameworks",
					"$(inherited)",
				);
				GCC_PREPROCESSOR_DEFINITIONS = (
					"DEBUG=1",
					"$(inherited)",
				);
				INFOPLIST_FILE = CalculatorTests/Info.plist;
				LD_RUNPATH_SEARCH_PATHS = "$(inherited) @executable_path/Frameworks @loader_path/Frameworks";
				PRODUCT_NAME = "$(TARGET_NAME)";
				TEST_HOST = "$(BUILT_PRODUCTS_DIR)/Calculator.app/Calculator";
			};
			name = Debug;
		};
		3430FCED1BBAFAC9002116BB /* Release */ = {
			isa = XCBuildConfiguration;
			buildSettings = {
				BUNDLE_LOADER = "$(TEST_HOST)";
				FRAMEWORK_SEARCH_PATHS = (
					"$(SDKROOT)/Developer/Library/Frameworks",
					"$(inherited)",
				);
				INFOPLIST_FILE = CalculatorTests/Info.plist;
				LD_RUNPATH_SEARCH_PATHS = "$(inherited) @executable_path/Frameworks @loader_path/Frameworks";
				PRODUCT_NAME = "$(TARGET_NAME)";
				TEST_HOST = "$(BUILT_PRODUCTS_DIR)/Calculator.app/Calculator";
			};
			name = Release;
		};
/* End XCBuildConfiguration section */

/* Begin XCConfigurationList section */
		3430FCC01BBAFAC9002116BB /* Build configuration list for PBXProject "Calculator" */ = {
			isa = XCConfigurationList;
			buildConfigurations = (
				3430FCE61BBAFAC9002116BB /* Debug */,
				3430FCE71BBAFAC9002116BB /* Release */,
			);
			defaultConfigurationIsVisible = 0;
			defaultConfigurationName = Release;
		};
		3430FCE81BBAFAC9002116BB /* Build configuration list for PBXNativeTarget "Calculator" */ = {
			isa = XCConfigurationList;
			buildConfigurations = (
				3430FCE91BBAFAC9002116BB /* Debug */,
				3430FCEA1BBAFAC9002116BB /* Release */,
			);
			defaultConfigurationIsVisible = 0;
			defaultConfigurationName = Release;
		};
		3430FCEB1BBAFAC9002116BB /* Build configuration list for PBXNativeTarget "CalculatorTests" */ = {
			isa = XCConfigurationList;
			buildConfigurations = (
				3430FCEC1BBAFAC9002116BB /* Debug */,
				3430FCED1BBAFAC9002116BB /* Release */,
			);
			defaultConfigurationIsVisible = 0;
			defaultConfigurationName = Release;
		};
/* End XCConfigurationList section */
	};
	rootObject = 3430FCBD1BBAFAC9002116BB /* Project object */;
}
